
Microsoft Visual Studio Solution File, Format Version 12.00
# Visual Studio 15
VisualStudioVersion = 15.0.27703.2047
MinimumVisualStudioVersion = 10.0.40219.1
Project("{FAE04EC0-301F-11D3-BF4B-00C04F79EFBC}") = "LegacyCodeRetreatDotNetCore21.05", "LegacyCodeRetreatDotNetCore21.05\LegacyCodeRetreatDotNetCore21.05.csproj", "{F20B90FA-97DD-4EB1-95B0-73FB5FE37571}"
EndProject
Global
	GlobalSection(SolutionConfigurationPlatforms) = preSolution
		Debug|Any CPU = Debug|Any CPU
		Release|Any CPU = Release|Any CPU
	EndGlobalSection
	GlobalSection(ProjectConfigurationPlatforms) = postSolution
		{F20B90FA-97DD-4EB1-95B0-73FB5FE37571}.Debug|Any CPU.ActiveCfg = Debug|Any CPU
		{F20B90FA-97DD-4EB1-95B0-73FB5FE37571}.Debug|Any CPU.Build.0 = Debug|Any CPU
		{F20B90FA-97DD-4EB1-95B0-73FB5FE37571}.Release|Any CPU.ActiveCfg = Release|Any CPU
		{F20B90FA-97DD-4EB1-95B0-73FB5FE37571}.Release|Any CPU.Build.0 = Release|Any CPU
	EndGlobalSection
	GlobalSection(SolutionProperties) = preSolution
		HideSolutionNode = FALSE
	EndGlobalSection
	GlobalSection(ExtensibilityGlobals) = postSolution
		SolutionGuid = {FD8375A3-92AD-48C6-BB20-FD22994A34A0}
	EndGlobalSection
EndGlobal
